{
  "requires": true,
  "lockfileVersion": 1,
  "dependencies": {
    "bigint-crypto-utils": {
      "version": "2.4.2",
      "resolved": "https://registry.npmjs.org/bigint-crypto-utils/-/bigint-crypto-utils-2.4.2.tgz",
      "integrity": "sha512-Az6XRIuWXz8We/2ckE1vFxRblrHM83tJzDR2yYnNgOZLoRyInHic43NIIC1oWew2vsyGHiloukjad/3tGyI3Vg=="
    },
    "readline-sync": {
      "version": "1.4.10",
      "resolved": "https://registry.npmjs.org/readline-sync/-/readline-sync-1.4.10.tgz",
      "integrity": "sha512-gNva8/6UAe8QYepIQH/jQ2qn91Qj0B9sYjMBBs3QOB8F2CXcKgLxQaJRP76sWVRQt+QU+8fAkCbCvjjMFu7Ycw=="
    }
  }
}
